
Microsoft Visual Studio Solution File, Format Version 12.00
# Visual Studio Version 16
VisualStudioVersion = 16.0.32929.386
MinimumVisualStudioVersion = 10.0.40219.1
Project("{FAE04EC0-301F-11D3-BF4B-00C04F79EFBC}") = "books-api", "books-api\books-api.csproj", "{570D8A6B-8234-4444-9FA4-C7C0005D46E2}"
EndProject
Global
	GlobalSection(SolutionConfigurationPlatforms) = preSolution
		Debug|Any CPU = Debug|Any CPU
		Release|Any CPU = Release|Any CPU
	EndGlobalSection
	GlobalSection(ProjectConfigurationPlatforms) = postSolution
		{570D8A6B-8234-4444-9FA4-C7C0005D46E2}.Debug|Any CPU.ActiveCfg = Debug|Any CPU
		{570D8A6B-8234-4444-9FA4-C7C0005D46E2}.Debug|Any CPU.Build.0 = Debug|Any CPU
		{570D8A6B-8234-4444-9FA4-C7C0005D46E2}.Release|Any CPU.ActiveCfg = Release|Any CPU
		{570D8A6B-8234-4444-9FA4-C7C0005D46E2}.Release|Any CPU.Build.0 = Release|Any CPU
	EndGlobalSection
	GlobalSection(SolutionProperties) = preSolution
		HideSolutionNode = FALSE
	EndGlobalSection
	GlobalSection(ExtensibilityGlobals) = postSolution
		SolutionGuid = {6D2F52CC-DE04-45DC-90FD-39688686E637}
	EndGlobalSection
EndGlobal
